
Microsoft Visual Studio Solution File, Format Version 12.00
# Visual Studio 2015
Project("{FAE04EC0-301F-11D3-BF4B-00C04F79EFBC}") = "UdacityCourse5_Museum", "UdacityCourse5_Museum.csproj", "{7BE1FF2A-F813-05F3-732D-086DCDCC6B7C}"
EndProject
Project("{FAE04EC0-301F-11D3-BF4B-00C04F79EFBC}") = "UdacityCourse5_Museum.Editor", "UdacityCourse5_Museum.Editor.csproj", "{9E1EA401-2351-DED0-CB0F-FB5C9824C29E}"
EndProject
Global
	GlobalSection(SolutionConfigurationPlatforms) = preSolution
		Debug|Any CPU = Debug|Any CPU
		Release|Any CPU = Release|Any CPU
	EndGlobalSection
	GlobalSection(ProjectConfigurationPlatforms) = postSolution
		{7BE1FF2A-F813-05F3-732D-086DCDCC6B7C}.Debug|Any CPU.ActiveCfg = Debug|Any CPU
		{7BE1FF2A-F813-05F3-732D-086DCDCC6B7C}.Debug|Any CPU.Build.0 = Debug|Any CPU
		{7BE1FF2A-F813-05F3-732D-086DCDCC6B7C}.Release|Any CPU.ActiveCfg = Release|Any CPU
		{7BE1FF2A-F813-05F3-732D-086DCDCC6B7C}.Release|Any CPU.Build.0 = Release|Any CPU
		{9E1EA401-2351-DED0-CB0F-FB5C9824C29E}.Debug|Any CPU.ActiveCfg = Debug|Any CPU
		{9E1EA401-2351-DED0-CB0F-FB5C9824C29E}.Debug|Any CPU.Build.0 = Debug|Any CPU
		{9E1EA401-2351-DED0-CB0F-FB5C9824C29E}.Release|Any CPU.ActiveCfg = Release|Any CPU
		{9E1EA401-2351-DED0-CB0F-FB5C9824C29E}.Release|Any CPU.Build.0 = Release|Any CPU
	EndGlobalSection
	GlobalSection(SolutionProperties) = preSolution
		HideSolutionNode = FALSE
	EndGlobalSection
EndGlobal
